# This file was autogenerated by Stack.
# You should not edit this file by hand.
# For more information, please see the documentation at:
#   https://docs.haskellstack.org/en/stable/lock_files

packages:
- completed:
    hackage: dotgen-0.4.2@sha256:309b7cc8a3593a8e48bee7b53020d5f72db156d58edf78a0214f58fbb84b292b,1402
    pantry-tree:
      size: 357
      sha256: d03f332855d4d9b02e96931596e358202bd18032c323fb1abd8fe84299d259cd
  original:
    hackage: dotgen-0.4.2
- completed:
    hackage: fgl-visualize-0.1.0.1@sha256:e682066053a6e75478a08fd6822dd0143a3b8ea23244bdb01dd389a266447c5e,995
    pantry-tree:
      size: 224
      sha256: 969d6b60ea298ffb81697dd350e76774a2f876103a147117f832400451ad2cc3
  original:
    hackage: fgl-visualize-0.1.0.1
- completed:
    hackage: located-base-0.1.1.1@sha256:7c6395f2b6fbf2d5f76c3514f774423838c0ea94e1c6a5530dd3c94b30c9d1c8,1904
    pantry-tree:
      size: 534
      sha256: 9d7b96ce785b464253dcf0ac2d8eb0be4cae6b96ed3960d66b81c373b540ed3f
  original:
    hackage: located-base-0.1.1.1
- completed:
    hackage: template-0.2.0.10@sha256:f822de4d34c45bc84b33a61bc112c15fedee6fa6dc414c62b10456395a868f85,987
    pantry-tree:
      size: 339
      sha256: e9829c39501915bc47fda35069207b7a839f9fb929b81946e151e0dda8a7fda1
  original:
    hackage: template-0.2.0.10
snapshots:
- completed:
    size: 498167
    url: https://raw.githubusercontent.com/commercialhaskell/stackage-snapshots/master/lts/13/20.yaml
    sha256: cda928d57b257a5f17bcad796843c9daa674fef47d600dbea3aa7b0e49d64a11
  original: lts-13.20
